// !$*UTF8*$!
{
	archiveVersion = 1;
	classes = {
	};
	objectVersion = 56;
	objects = {

/* Begin PBXBuildFile section */
		278704FE2BEC9A8C005722C6 /* LocationManager.swift in Sources */ = {isa = PBXBuildFile; fileRef = 278704FD2BEC9A8C005722C6 /* LocationManager.swift */; };
		278705002BEC9B12005722C6 /* HealthKitManager.swift in Sources */ = {isa = PBXBuildFile; fileRef = 278704FF2BEC9B12005722C6 /* HealthKitManager.swift */; };
		278705022BEC9BCA005722C6 /* MapView.swift in Sources */ = {isa = PBXBuildFile; fileRef = 278705012BEC9BCA005722C6 /* MapView.swift */; };
		278705042BEC9C44005722C6 /* RunningView.swift in Sources */ = {isa = PBXBuildFile; fileRef = 278705032BEC9C44005722C6 /* RunningView.swift */; };
		2787050C2BF05E56005722C6 /* RunSummaryView.swift in Sources */ = {isa = PBXBuildFile; fileRef = 2787050B2BF05E56005722C6 /* RunSummaryView.swift */; };
		5796FDD32BE878220038DDF7 /* iOS_A3_Fitness_ChallengeApp.swift in Sources */ = {isa = PBXBuildFile; fileRef = 5796FDD22BE878220038DDF7 /* iOS_A3_Fitness_ChallengeApp.swift */; };
		5796FDD52BE878220038DDF7 /* ContentView.swift in Sources */ = {isa = PBXBuildFile; fileRef = 5796FDD42BE878220038DDF7 /* ContentView.swift */; };
		5796FDD72BE878240038DDF7 /* Assets.xcassets in Resources */ = {isa = PBXBuildFile; fileRef = 5796FDD62BE878240038DDF7 /* Assets.xcassets */; };
		5796FDDA2BE878240038DDF7 /* Preview Assets.xcassets in Resources */ = {isa = PBXBuildFile; fileRef = 5796FDD92BE878240038DDF7 /* Preview Assets.xcassets */; };
		5796FDE42BE878240038DDF7 /* iOS_A3_Fitness_ChallengeTests.swift in Sources */ = {isa = PBXBuildFile; fileRef = 5796FDE32BE878240038DDF7 /* iOS_A3_Fitness_ChallengeTests.swift */; };
		5796FDEE2BE878240038DDF7 /* iOS_A3_Fitness_ChallengeUITests.swift in Sources */ = {isa = PBXBuildFile; fileRef = 5796FDED2BE878240038DDF7 /* iOS_A3_Fitness_ChallengeUITests.swift */; };
		5796FDF02BE878240038DDF7 /* iOS_A3_Fitness_ChallengeUITestsLaunchTests.swift in Sources */ = {isa = PBXBuildFile; fileRef = 5796FDEF2BE878240038DDF7 /* iOS_A3_Fitness_ChallengeUITestsLaunchTests.swift */; };
		57CC674C2BEA1ACA00C56869 /* LoginView.swift in Sources */ = {isa = PBXBuildFile; fileRef = 57CC674B2BEA1ACA00C56869 /* LoginView.swift */; };
		57CC674E2BEA1CE100C56869 /* InputView.swift in Sources */ = {isa = PBXBuildFile; fileRef = 57CC674D2BEA1CE100C56869 /* InputView.swift */; };
		57CC67502BEA650300C56869 /* RegisterView.swift in Sources */ = {isa = PBXBuildFile; fileRef = 57CC674F2BEA650300C56869 /* RegisterView.swift */; };
		57CC67522BEA81B100C56869 /* ProfileView.swift in Sources */ = {isa = PBXBuildFile; fileRef = 57CC67512BEA81B100C56869 /* ProfileView.swift */; };
		57CC67542BEA84FE00C56869 /* SettingRowView.swift in Sources */ = {isa = PBXBuildFile; fileRef = 57CC67532BEA84FE00C56869 /* SettingRowView.swift */; };
		57CC67562BEA888400C56869 /* User.swift in Sources */ = {isa = PBXBuildFile; fileRef = 57CC67552BEA888400C56869 /* User.swift */; };
		57CC67582BEB38CE00C56869 /* GoogleService-Info.plist in Resources */ = {isa = PBXBuildFile; fileRef = 57CC67572BEB38CE00C56869 /* GoogleService-Info.plist */; };
		57CC675B2BEB3B7600C56869 /* FirebaseAuth in Frameworks */ = {isa = PBXBuildFile; productRef = 57CC675A2BEB3B7600C56869 /* FirebaseAuth */; };
		57CC675D2BEB3B7600C56869 /* FirebaseFirestore in Frameworks */ = {isa = PBXBuildFile; productRef = 57CC675C2BEB3B7600C56869 /* FirebaseFirestore */; };
		57CC675F2BEB3B7600C56869 /* FirebaseFirestoreSwift in Frameworks */ = {isa = PBXBuildFile; productRef = 57CC675E2BEB3B7600C56869 /* FirebaseFirestoreSwift */; };
		57CC67612BEB3B7600C56869 /* FirebaseStorage in Frameworks */ = {isa = PBXBuildFile; productRef = 57CC67602BEB3B7600C56869 /* FirebaseStorage */; };
		57CC67632BEB3BDF00C56869 /* AuthViewModel.swift in Sources */ = {isa = PBXBuildFile; fileRef = 57CC67622BEB3BDF00C56869 /* AuthViewModel.swift */; };
		57CC67672BEF4BAB00C56869 /* ProfileIconView.swift in Sources */ = {isa = PBXBuildFile; fileRef = 57CC67662BEF4BAA00C56869 /* ProfileIconView.swift */; };
/* End PBXBuildFile section */

/* Begin PBXContainerItemProxy section */
		5796FDE02BE878240038DDF7 /* PBXContainerItemProxy */ = {
			isa = PBXContainerItemProxy;
			containerPortal = 5796FDC72BE878220038DDF7 /* Project object */;
			proxyType = 1;
			remoteGlobalIDString = 5796FDCE2BE878220038DDF7;
			remoteInfo = "iOS-A3-Fitness Challenge";
		};
		5796FDEA2BE878240038DDF7 /* PBXContainerItemProxy */ = {
			isa = PBXContainerItemProxy;
			containerPortal = 5796FDC72BE878220038DDF7 /* Project object */;
			proxyType = 1;
			remoteGlobalIDString = 5796FDCE2BE878220038DDF7;
			remoteInfo = "iOS-A3-Fitness Challenge";
		};
/* End PBXContainerItemProxy section */

/* Begin PBXFileReference section */
HEAD
		278704FD2BEC9A8C005722C6 /* LocationManager.swift */ = {isa = PBXFileReference; lastKnownFileType = sourcecode.swift; path = LocationManager.swift; sourceTree = "<group>"; };
		278704FF2BEC9B12005722C6 /* HealthKitManager.swift */ = {isa = PBXFileReference; lastKnownFileType = sourcecode.swift; path = HealthKitManager.swift; sourceTree = "<group>"; };
		278705012BEC9BCA005722C6 /* MapView.swift */ = {isa = PBXFileReference; lastKnownFileType = sourcecode.swift; path = MapView.swift; sourceTree = "<group>"; };
		278705032BEC9C44005722C6 /* RunningView.swift */ = {isa = PBXFileReference; lastKnownFileType = sourcecode.swift; path = RunningView.swift; sourceTree = "<group>"; };
		278705092BF05B64005722C6 /* iOS-A3-Fitness-Challenge-Info.plist */ = {isa = PBXFileReference; lastKnownFileType = text.plist.xml; path = "iOS-A3-Fitness-Challenge-Info.plist"; sourceTree = SOURCE_ROOT; };
		2787050A2BF05B6A005722C6 /* iOS-A3-Fitness Challenge.entitlements */ = {isa = PBXFileReference; lastKnownFileType = text.plist.entitlements; path = "iOS-A3-Fitness Challenge.entitlements"; sourceTree = "<group>"; };
		2787050B2BF05E56005722C6 /* RunSummaryView.swift */ = {isa = PBXFileReference; lastKnownFileType = sourcecode.swift; path = RunSummaryView.swift; sourceTree = "<group>"; };

		278705052BEC9D2F005722C6 /* iOS-A3-Fitness-Challenge-Info.plist */ = {isa = PBXFileReference; lastKnownFileType = text.plist; path = "iOS-A3-Fitness-Challenge-Info.plist"; sourceTree = SOURCE_ROOT; };
		278705062BEC9D38005722C6 /* iOS-A3-Fitness Challenge.entitlements */ = {isa = PBXFileReference; lastKnownFileType = text.plist.entitlements; path = "iOS-A3-Fitness Challenge.entitlements"; sourceTree = "<group>"; };
 be5d158 (Adding capabilities and info.plist queries)
		5796FDCF2BE878220038DDF7 /* iOS-A3-Fitness Challenge.app */ = {isa = PBXFileReference; explicitFileType = wrapper.application; includeInIndex = 0; path = "iOS-A3-Fitness Challenge.app"; sourceTree = BUILT_PRODUCTS_DIR; };
		5796FDD22BE878220038DDF7 /* iOS_A3_Fitness_ChallengeApp.swift */ = {isa = PBXFileReference; lastKnownFileType = sourcecode.swift; path = iOS_A3_Fitness_ChallengeApp.swift; sourceTree = "<group>"; };
		5796FDD42BE878220038DDF7 /* ContentView.swift */ = {isa = PBXFileReference; lastKnownFileType = sourcecode.swift; path = ContentView.swift; sourceTree = "<group>"; };
		5796FDD62BE878240038DDF7 /* Assets.xcassets */ = {isa = PBXFileReference; lastKnownFileType = folder.assetcatalog; path = Assets.xcassets; sourceTree = "<group>"; };
		5796FDD92BE878240038DDF7 /* Preview Assets.xcassets */ = {isa = PBXFileReference; lastKnownFileType = folder.assetcatalog; path = "Preview Assets.xcassets"; sourceTree = "<group>"; };
		5796FDDF2BE878240038DDF7 /* iOS-A3-Fitness ChallengeTests.xctest */ = {isa = PBXFileReference; explicitFileType = wrapper.cfbundle; includeInIndex = 0; path = "iOS-A3-Fitness ChallengeTests.xctest"; sourceTree = BUILT_PRODUCTS_DIR; };
		5796FDE32BE878240038DDF7 /* iOS_A3_Fitness_ChallengeTests.swift */ = {isa = PBXFileReference; lastKnownFileType = sourcecode.swift; path = iOS_A3_Fitness_ChallengeTests.swift; sourceTree = "<group>"; };
		5796FDE92BE878240038DDF7 /* iOS-A3-Fitness ChallengeUITests.xctest */ = {isa = PBXFileReference; explicitFileType = wrapper.cfbundle; includeInIndex = 0; path = "iOS-A3-Fitness ChallengeUITests.xctest"; sourceTree = BUILT_PRODUCTS_DIR; };
		5796FDED2BE878240038DDF7 /* iOS_A3_Fitness_ChallengeUITests.swift */ = {isa = PBXFileReference; lastKnownFileType = sourcecode.swift; path = iOS_A3_Fitness_ChallengeUITests.swift; sourceTree = "<group>"; };
		5796FDEF2BE878240038DDF7 /* iOS_A3_Fitness_ChallengeUITestsLaunchTests.swift */ = {isa = PBXFileReference; lastKnownFileType = sourcecode.swift; path = iOS_A3_Fitness_ChallengeUITestsLaunchTests.swift; sourceTree = "<group>"; };
		57CC674B2BEA1ACA00C56869 /* LoginView.swift */ = {isa = PBXFileReference; lastKnownFileType = sourcecode.swift; path = LoginView.swift; sourceTree = "<group>"; };
		57CC674D2BEA1CE100C56869 /* InputView.swift */ = {isa = PBXFileReference; lastKnownFileType = sourcecode.swift; path = InputView.swift; sourceTree = "<group>"; };
		57CC674F2BEA650300C56869 /* RegisterView.swift */ = {isa = PBXFileReference; lastKnownFileType = sourcecode.swift; path = RegisterView.swift; sourceTree = "<group>"; };
		57CC67512BEA81B100C56869 /* ProfileView.swift */ = {isa = PBXFileReference; lastKnownFileType = sourcecode.swift; path = ProfileView.swift; sourceTree = "<group>"; };
		57CC67532BEA84FE00C56869 /* SettingRowView.swift */ = {isa = PBXFileReference; lastKnownFileType = sourcecode.swift; path = SettingRowView.swift; sourceTree = "<group>"; };
		57CC67552BEA888400C56869 /* User.swift */ = {isa = PBXFileReference; lastKnownFileType = sourcecode.swift; path = User.swift; sourceTree = "<group>"; };
		57CC67572BEB38CE00C56869 /* GoogleService-Info.plist */ = {isa = PBXFileReference; fileEncoding = 4; lastKnownFileType = text.plist.xml; path = "GoogleService-Info.plist"; sourceTree = "<group>"; };
		57CC67622BEB3BDF00C56869 /* AuthViewModel.swift */ = {isa = PBXFileReference; lastKnownFileType = sourcecode.swift; path = AuthViewModel.swift; sourceTree = "<group>"; };
		57CC67662BEF4BAA00C56869 /* ProfileIconView.swift */ = {isa = PBXFileReference; lastKnownFileType = sourcecode.swift; path = ProfileIconView.swift; sourceTree = "<group>"; };
/* End PBXFileReference section */

/* Begin PBXFrameworksBuildPhase section */
		5796FDCC2BE878220038DDF7 /* Frameworks */ = {
			isa = PBXFrameworksBuildPhase;
			buildActionMask = 2147483647;
			files = (
				57CC675B2BEB3B7600C56869 /* FirebaseAuth in Frameworks */,
				57CC67612BEB3B7600C56869 /* FirebaseStorage in Frameworks */,
				57CC675D2BEB3B7600C56869 /* FirebaseFirestore in Frameworks */,
				57CC675F2BEB3B7600C56869 /* FirebaseFirestoreSwift in Frameworks */,
			);
			runOnlyForDeploymentPostprocessing = 0;
		};
		5796FDDC2BE878240038DDF7 /* Frameworks */ = {
			isa = PBXFrameworksBuildPhase;
			buildActionMask = 2147483647;
			files = (
			);
			runOnlyForDeploymentPostprocessing = 0;
		};
		5796FDE62BE878240038DDF7 /* Frameworks */ = {
			isa = PBXFrameworksBuildPhase;
			buildActionMask = 2147483647;
			files = (
			);
			runOnlyForDeploymentPostprocessing = 0;
		};
/* End PBXFrameworksBuildPhase section */

/* Begin PBXGroup section */
		5796FDC62BE878220038DDF7 = {
			isa = PBXGroup;
			children = (
				5796FDD12BE878220038DDF7 /* iOS-A3-Fitness Challenge */,
				5796FDE22BE878240038DDF7 /* iOS-A3-Fitness ChallengeTests */,
				5796FDEC2BE878240038DDF7 /* iOS-A3-Fitness ChallengeUITests */,
				5796FDD02BE878220038DDF7 /* Products */,
			);
			sourceTree = "<group>";
		};
		5796FDD02BE878220038DDF7 /* Products */ = {
			isa = PBXGroup;
			children = (
				5796FDCF2BE878220038DDF7 /* iOS-A3-Fitness Challenge.app */,
				5796FDDF2BE878240038DDF7 /* iOS-A3-Fitness ChallengeTests.xctest */,
				5796FDE92BE878240038DDF7 /* iOS-A3-Fitness ChallengeUITests.xctest */,
			);
			name = Products;
			sourceTree = "<group>";
		};
		5796FDD12BE878220038DDF7 /* iOS-A3-Fitness Challenge */ = {
			isa = PBXGroup;
			children = (
HEAD
				278705062BEC9D38005722C6 /* iOS-A3-Fitness Challenge.entitlements */,
				278705052BEC9D2F005722C6 /* iOS-A3-Fitness-Challenge-Info.plist */,
be5d158 (Adding capabilities and info.plist queries)
				5796FDD22BE878220038DDF7 /* iOS_A3_Fitness_ChallengeApp.swift */,
				278704FD2BEC9A8C005722C6 /* LocationManager.swift */,
				2787050B2BF05E56005722C6 /* RunSummaryView.swift */,
				278704FF2BEC9B12005722C6 /* HealthKitManager.swift */,
				278705012BEC9BCA005722C6 /* MapView.swift */,
				278705032BEC9C44005722C6 /* RunningView.swift */,
				5796FDD42BE878220038DDF7 /* ContentView.swift */,
				57CC674A2BEA1A7500C56869 /* Authentication */,
				5796FDD62BE878240038DDF7 /* Assets.xcassets */,
				57CC67572BEB38CE00C56869 /* GoogleService-Info.plist */,
				5796FDD82BE878240038DDF7 /* Preview Content */,
			);
			path = "iOS-A3-Fitness Challenge";
			sourceTree = "<group>";
		};
		5796FDD82BE878240038DDF7 /* Preview Content */ = {
			isa = PBXGroup;
			children = (
				5796FDD92BE878240038DDF7 /* Preview Assets.xcassets */,
			);
			path = "Preview Content";
			sourceTree = "<group>";
		};
		5796FDE22BE878240038DDF7 /* iOS-A3-Fitness ChallengeTests */ = {
			isa = PBXGroup;
			children = (
				5796FDE32BE878240038DDF7 /* iOS_A3_Fitness_ChallengeTests.swift */,
			);
			path = "iOS-A3-Fitness ChallengeTests";
			sourceTree = "<group>";
		};
		5796FDEC2BE878240038DDF7 /* iOS-A3-Fitness ChallengeUITests */ = {
			isa = PBXGroup;
			children = (
				5796FDED2BE878240038DDF7 /* iOS_A3_Fitness_ChallengeUITests.swift */,
				5796FDEF2BE878240038DDF7 /* iOS_A3_Fitness_ChallengeUITestsLaunchTests.swift */,
			);
			path = "iOS-A3-Fitness ChallengeUITests";
			sourceTree = "<group>";
		};
		57CC674A2BEA1A7500C56869 /* Authentication */ = {
			isa = PBXGroup;
			children = (
				57CC67662BEF4BAA00C56869 /* ProfileIconView.swift */,
				57CC674B2BEA1ACA00C56869 /* LoginView.swift */,
				57CC674F2BEA650300C56869 /* RegisterView.swift */,
				57CC67512BEA81B100C56869 /* ProfileView.swift */,
				57CC674D2BEA1CE100C56869 /* InputView.swift */,
				57CC67532BEA84FE00C56869 /* SettingRowView.swift */,
				57CC67552BEA888400C56869 /* User.swift */,
				57CC67622BEB3BDF00C56869 /* AuthViewModel.swift */,
			);
			path = Authentication;
			sourceTree = "<group>";
		};
/* End PBXGroup section */

/* Begin PBXNativeTarget section */
		5796FDCE2BE878220038DDF7 /* iOS-A3-Fitness Challenge */ = {
			isa = PBXNativeTarget;
			buildConfigurationList = 5796FDF32BE878240038DDF7 /* Build configuration list for PBXNativeTarget "iOS-A3-Fitness Challenge" */;
			buildPhases = (
				5796FDCB2BE878220038DDF7 /* Sources */,
				5796FDCC2BE878220038DDF7 /* Frameworks */,
				5796FDCD2BE878220038DDF7 /* Resources */,
			);
			buildRules = (
			);
			dependencies = (
			);
			name = "iOS-A3-Fitness Challenge";
			packageProductDependencies = (
				57CC675A2BEB3B7600C56869 /* FirebaseAuth */,
				57CC675C2BEB3B7600C56869 /* FirebaseFirestore */,
				57CC675E2BEB3B7600C56869 /* FirebaseFirestoreSwift */,
				57CC67602BEB3B7600C56869 /* FirebaseStorage */,
			);
			productName = "iOS-A3-Fitness Challenge";
			productReference = 5796FDCF2BE878220038DDF7 /* iOS-A3-Fitness Challenge.app */;
			productType = "com.apple.product-type.application";
		};
		5796FDDE2BE878240038DDF7 /* iOS-A3-Fitness ChallengeTests */ = {
			isa = PBXNativeTarget;
			buildConfigurationList = 5796FDF62BE878240038DDF7 /* Build configuration list for PBXNativeTarget "iOS-A3-Fitness ChallengeTests" */;
			buildPhases = (
				5796FDDB2BE878240038DDF7 /* Sources */,
				5796FDDC2BE878240038DDF7 /* Frameworks */,
				5796FDDD2BE878240038DDF7 /* Resources */,
			);
			buildRules = (
			);
			dependencies = (
				5796FDE12BE878240038DDF7 /* PBXTargetDependency */,
			);
			name = "iOS-A3-Fitness ChallengeTests";
			productName = "iOS-A3-Fitness ChallengeTests";
			productReference = 5796FDDF2BE878240038DDF7 /* iOS-A3-Fitness ChallengeTests.xctest */;
			productType = "com.apple.product-type.bundle.unit-test";
		};
		5796FDE82BE878240038DDF7 /* iOS-A3-Fitness ChallengeUITests */ = {
			isa = PBXNativeTarget;
			buildConfigurationList = 5796FDF92BE878240038DDF7 /* Build configuration list for PBXNativeTarget "iOS-A3-Fitness ChallengeUITests" */;
			buildPhases = (
				5796FDE52BE878240038DDF7 /* Sources */,
				5796FDE62BE878240038DDF7 /* Frameworks */,
				5796FDE72BE878240038DDF7 /* Resources */,
			);
			buildRules = (
			);
			dependencies = (
				5796FDEB2BE878240038DDF7 /* PBXTargetDependency */,
			);
			name = "iOS-A3-Fitness ChallengeUITests";
			productName = "iOS-A3-Fitness ChallengeUITests";
			productReference = 5796FDE92BE878240038DDF7 /* iOS-A3-Fitness ChallengeUITests.xctest */;
			productType = "com.apple.product-type.bundle.ui-testing";
		};
/* End PBXNativeTarget section */

/* Begin PBXProject section */
		5796FDC72BE878220038DDF7 /* Project object */ = {
			isa = PBXProject;
			attributes = {
				BuildIndependentTargetsInParallel = 1;
				LastSwiftUpdateCheck = 1520;
				LastUpgradeCheck = 1520;
				TargetAttributes = {
					5796FDCE2BE878220038DDF7 = {
						CreatedOnToolsVersion = 15.2;
					};
					5796FDDE2BE878240038DDF7 = {
						CreatedOnToolsVersion = 15.2;
						TestTargetID = 5796FDCE2BE878220038DDF7;
					};
					5796FDE82BE878240038DDF7 = {
						CreatedOnToolsVersion = 15.2;
						TestTargetID = 5796FDCE2BE878220038DDF7;
					};
				};
			};
			buildConfigurationList = 5796FDCA2BE878220038DDF7 /* Build configuration list for PBXProject "iOS-A3-Fitness Challenge" */;
			compatibilityVersion = "Xcode 14.0";
			developmentRegion = en;
			hasScannedForEncodings = 0;
			knownRegions = (
				en,
				Base,
			);
			mainGroup = 5796FDC62BE878220038DDF7;
			packageReferences = (
				57CC67592BEB3B7500C56869 /* XCRemoteSwiftPackageReference "firebase-ios-sdk" */,
			);
			productRefGroup = 5796FDD02BE878220038DDF7 /* Products */;
			projectDirPath = "";
			projectRoot = "";
			targets = (
				5796FDCE2BE878220038DDF7 /* iOS-A3-Fitness Challenge */,
				5796FDDE2BE878240038DDF7 /* iOS-A3-Fitness ChallengeTests */,
				5796FDE82BE878240038DDF7 /* iOS-A3-Fitness ChallengeUITests */,
			);
		};
/* End PBXProject section */

/* Begin PBXResourcesBuildPhase section */
		5796FDCD2BE878220038DDF7 /* Resources */ = {
			isa = PBXResourcesBuildPhase;
			buildActionMask = 2147483647;
			files = (
				5796FDDA2BE878240038DDF7 /* Preview Assets.xcassets in Resources */,
				5796FDD72BE878240038DDF7 /* Assets.xcassets in Resources */,
				57CC67582BEB38CE00C56869 /* GoogleService-Info.plist in Resources */,
			);
			runOnlyForDeploymentPostprocessing = 0;
		};
		5796FDDD2BE878240038DDF7 /* Resources */ = {
			isa = PBXResourcesBuildPhase;
			buildActionMask = 2147483647;
			files = (
			);
			runOnlyForDeploymentPostprocessing = 0;
		};
		5796FDE72BE878240038DDF7 /* Resources */ = {
			isa = PBXResourcesBuildPhase;
			buildActionMask = 2147483647;
			files = (
			);
			runOnlyForDeploymentPostprocessing = 0;
		};
/* End PBXResourcesBuildPhase section */

/* Begin PBXSourcesBuildPhase section */
		5796FDCB2BE878220038DDF7 /* Sources */ = {
			isa = PBXSourcesBuildPhase;
			buildActionMask = 2147483647;
			files = (
				57CC674C2BEA1ACA00C56869 /* LoginView.swift in Sources */,
				57CC67502BEA650300C56869 /* RegisterView.swift in Sources */,
				57CC67542BEA84FE00C56869 /* SettingRowView.swift in Sources */,
				57CC674E2BEA1CE100C56869 /* InputView.swift in Sources */,
				57CC67562BEA888400C56869 /* User.swift in Sources */,
				5796FDD52BE878220038DDF7 /* ContentView.swift in Sources */,
				57CC67522BEA81B100C56869 /* ProfileView.swift in Sources */,
				5796FDD32BE878220038DDF7 /* iOS_A3_Fitness_ChallengeApp.swift in Sources */,

				278705022BEC9BCA005722C6 /* MapView.swift in Sources */,
				278705002BEC9B12005722C6 /* HealthKitManager.swift in Sources */,
				2787050C2BF05E56005722C6 /* RunSummaryView.swift in Sources */,
				278705042BEC9C44005722C6 /* RunningView.swift in Sources */,
				278704FE2BEC9A8C005722C6 /* LocationManager.swift in Sources */,

				57CC67672BEF4BAB00C56869 /* ProfileIconView.swift in Sources */,
				57CC67632BEB3BDF00C56869 /* AuthViewModel.swift in Sources */,

			);
			runOnlyForDeploymentPostprocessing = 0;
		};
		5796FDDB2BE878240038DDF7 /* Sources */ = {
			isa = PBXSourcesBuildPhase;
			buildActionMask = 2147483647;
			files = (
				5796FDE42BE878240038DDF7 /* iOS_A3_Fitness_ChallengeTests.swift in Sources */,
			);
			runOnlyForDeploymentPostprocessing = 0;
		};
		5796FDE52BE878240038DDF7 /* Sources */ = {
			isa = PBXSourcesBuildPhase;
			buildActionMask = 2147483647;
			files = (
				5796FDEE2BE878240038DDF7 /* iOS_A3_Fitness_ChallengeUITests.swift in Sources */,
				5796FDF02BE878240038DDF7 /* iOS_A3_Fitness_ChallengeUITestsLaunchTests.swift in Sources */,
			);
			runOnlyForDeploymentPostprocessing = 0;
		};
/* End PBXSourcesBuildPhase section */

/* Begin PBXTargetDependency section */
		5796FDE12BE878240038DDF7 /* PBXTargetDependency */ = {
			isa = PBXTargetDependency;
			target = 5796FDCE2BE878220038DDF7 /* iOS-A3-Fitness Challenge */;
			targetProxy = 5796FDE02BE878240038DDF7 /* PBXContainerItemProxy */;
		};
		5796FDEB2BE878240038DDF7 /* PBXTargetDependency */ = {
			isa = PBXTargetDependency;
			target = 5796FDCE2BE878220038DDF7 /* iOS-A3-Fitness Challenge */;
			targetProxy = 5796FDEA2BE878240038DDF7 /* PBXContainerItemProxy */;
		};
/* End PBXTargetDependency section */

/* Begin XCBuildConfiguration section */
		5796FDF12BE878240038DDF7 /* Debug */ = {
			isa = XCBuildConfiguration;
			buildSettings = {
				ALWAYS_SEARCH_USER_PATHS = NO;
				ASSETCATALOG_COMPILER_GENERATE_SWIFT_ASSET_SYMBOL_EXTENSIONS = YES;
				CLANG_ANALYZER_NONNULL = YES;
				CLANG_ANALYZER_NUMBER_OBJECT_CONVERSION = YES_AGGRESSIVE;
				CLANG_CXX_LANGUAGE_STANDARD = "gnu++20";
				CLANG_ENABLE_MODULES = YES;
				CLANG_ENABLE_OBJC_ARC = YES;
				CLANG_ENABLE_OBJC_WEAK = YES;
				CLANG_WARN_BLOCK_CAPTURE_AUTORELEASING = YES;
				CLANG_WARN_BOOL_CONVERSION = YES;
				CLANG_WARN_COMMA = YES;
				CLANG_WARN_CONSTANT_CONVERSION = YES;
				CLANG_WARN_DEPRECATED_OBJC_IMPLEMENTATIONS = YES;
				CLANG_WARN_DIRECT_OBJC_ISA_USAGE = YES_ERROR;
				CLANG_WARN_DOCUMENTATION_COMMENTS = YES;
				CLANG_WARN_EMPTY_BODY = YES;
				CLANG_WARN_ENUM_CONVERSION = YES;
				CLANG_WARN_INFINITE_RECURSION = YES;
				CLANG_WARN_INT_CONVERSION = YES;
				CLANG_WARN_NON_LITERAL_NULL_CONVERSION = YES;
				CLANG_WARN_OBJC_IMPLICIT_RETAIN_SELF = YES;
				CLANG_WARN_OBJC_LITERAL_CONVERSION = YES;
				CLANG_WARN_OBJC_ROOT_CLASS = YES_ERROR;
				CLANG_WARN_QUOTED_INCLUDE_IN_FRAMEWORK_HEADER = YES;
				CLANG_WARN_RANGE_LOOP_ANALYSIS = YES;
				CLANG_WARN_STRICT_PROTOTYPES = YES;
				CLANG_WARN_SUSPICIOUS_MOVE = YES;
				CLANG_WARN_UNGUARDED_AVAILABILITY = YES_AGGRESSIVE;
				CLANG_WARN_UNREACHABLE_CODE = YES;
				CLANG_WARN__DUPLICATE_METHOD_MATCH = YES;
				COPY_PHASE_STRIP = NO;
				DEBUG_INFORMATION_FORMAT = dwarf;
				ENABLE_STRICT_OBJC_MSGSEND = YES;
				ENABLE_TESTABILITY = YES;
				ENABLE_USER_SCRIPT_SANDBOXING = YES;
				GCC_C_LANGUAGE_STANDARD = gnu17;
				GCC_DYNAMIC_NO_PIC = NO;
				GCC_NO_COMMON_BLOCKS = YES;
				GCC_OPTIMIZATION_LEVEL = 0;
				GCC_PREPROCESSOR_DEFINITIONS = (
					"DEBUG=1",
					"$(inherited)",
				);
				GCC_WARN_64_TO_32_BIT_CONVERSION = YES;
				GCC_WARN_ABOUT_RETURN_TYPE = YES_ERROR;
				GCC_WARN_UNDECLARED_SELECTOR = YES;
				GCC_WARN_UNINITIALIZED_AUTOS = YES_AGGRESSIVE;
				GCC_WARN_UNUSED_FUNCTION = YES;
				GCC_WARN_UNUSED_VARIABLE = YES;
				IPHONEOS_DEPLOYMENT_TARGET = 17.2;
				LOCALIZATION_PREFERS_STRING_CATALOGS = YES;
				MTL_ENABLE_DEBUG_INFO = INCLUDE_SOURCE;
				MTL_FAST_MATH = YES;
				ONLY_ACTIVE_ARCH = YES;
				SDKROOT = iphoneos;
				SWIFT_ACTIVE_COMPILATION_CONDITIONS = "DEBUG $(inherited)";
				SWIFT_OPTIMIZATION_LEVEL = "-Onone";
			};
			name = Debug;
		};
		5796FDF22BE878240038DDF7 /* Release */ = {
			isa = XCBuildConfiguration;
			buildSettings = {
				ALWAYS_SEARCH_USER_PATHS = NO;
				ASSETCATALOG_COMPILER_GENERATE_SWIFT_ASSET_SYMBOL_EXTENSIONS = YES;
				CLANG_ANALYZER_NONNULL = YES;
				CLANG_ANALYZER_NUMBER_OBJECT_CONVERSION = YES_AGGRESSIVE;
				CLANG_CXX_LANGUAGE_STANDARD = "gnu++20";
				CLANG_ENABLE_MODULES = YES;
				CLANG_ENABLE_OBJC_ARC = YES;
				CLANG_ENABLE_OBJC_WEAK = YES;
				CLANG_WARN_BLOCK_CAPTURE_AUTORELEASING = YES;
				CLANG_WARN_BOOL_CONVERSION = YES;
				CLANG_WARN_COMMA = YES;
				CLANG_WARN_CONSTANT_CONVERSION = YES;
				CLANG_WARN_DEPRECATED_OBJC_IMPLEMENTATIONS = YES;
				CLANG_WARN_DIRECT_OBJC_ISA_USAGE = YES_ERROR;
				CLANG_WARN_DOCUMENTATION_COMMENTS = YES;
				CLANG_WARN_EMPTY_BODY = YES;
				CLANG_WARN_ENUM_CONVERSION = YES;
				CLANG_WARN_INFINITE_RECURSION = YES;
				CLANG_WARN_INT_CONVERSION = YES;
				CLANG_WARN_NON_LITERAL_NULL_CONVERSION = YES;
				CLANG_WARN_OBJC_IMPLICIT_RETAIN_SELF = YES;
				CLANG_WARN_OBJC_LITERAL_CONVERSION = YES;
				CLANG_WARN_OBJC_ROOT_CLASS = YES_ERROR;
				CLANG_WARN_QUOTED_INCLUDE_IN_FRAMEWORK_HEADER = YES;
				CLANG_WARN_RANGE_LOOP_ANALYSIS = YES;
				CLANG_WARN_STRICT_PROTOTYPES = YES;
				CLANG_WARN_SUSPICIOUS_MOVE = YES;
				CLANG_WARN_UNGUARDED_AVAILABILITY = YES_AGGRESSIVE;
				CLANG_WARN_UNREACHABLE_CODE = YES;
				CLANG_WARN__DUPLICATE_METHOD_MATCH = YES;
				COPY_PHASE_STRIP = NO;
				DEBUG_INFORMATION_FORMAT = "dwarf-with-dsym";
				ENABLE_NS_ASSERTIONS = NO;
				ENABLE_STRICT_OBJC_MSGSEND = YES;
				ENABLE_USER_SCRIPT_SANDBOXING = YES;
				GCC_C_LANGUAGE_STANDARD = gnu17;
				GCC_NO_COMMON_BLOCKS = YES;
				GCC_WARN_64_TO_32_BIT_CONVERSION = YES;
				GCC_WARN_ABOUT_RETURN_TYPE = YES_ERROR;
				GCC_WARN_UNDECLARED_SELECTOR = YES;
				GCC_WARN_UNINITIALIZED_AUTOS = YES_AGGRESSIVE;
				GCC_WARN_UNUSED_FUNCTION = YES;
				GCC_WARN_UNUSED_VARIABLE = YES;
				IPHONEOS_DEPLOYMENT_TARGET = 17.2;
				LOCALIZATION_PREFERS_STRING_CATALOGS = YES;
				MTL_ENABLE_DEBUG_INFO = NO;
				MTL_FAST_MATH = YES;
				SDKROOT = iphoneos;
				SWIFT_COMPILATION_MODE = wholemodule;
				VALIDATE_PRODUCT = YES;
			};
			name = Release;
		};
		5796FDF42BE878240038DDF7 /* Debug */ = {
			isa = XCBuildConfiguration;
			buildSettings = {
				ASSETCATALOG_COMPILER_APPICON_NAME = AppIcon;
				ASSETCATALOG_COMPILER_GLOBAL_ACCENT_COLOR_NAME = AccentColor;
				CODE_SIGN_ENTITLEMENTS = "iOS-A3-Fitness Challenge/iOS-A3-Fitness Challenge.entitlements";
				CODE_SIGN_STYLE = Automatic;
				CURRENT_PROJECT_VERSION = 1;
				DEVELOPMENT_ASSET_PATHS = "\"iOS-A3-Fitness Challenge/Preview Content\"";
				ENABLE_PREVIEWS = YES;
				GENERATE_INFOPLIST_FILE = YES;
				INFOPLIST_FILE = "iOS-A3-Fitness-Challenge-Info.plist";
				INFOPLIST_KEY_UIApplicationSceneManifest_Generation = YES;
				INFOPLIST_KEY_UIApplicationSupportsIndirectInputEvents = YES;
				INFOPLIST_KEY_UILaunchScreen_Generation = YES;
				INFOPLIST_KEY_UISupportedInterfaceOrientations_iPad = "UIInterfaceOrientationPortrait UIInterfaceOrientationPortraitUpsideDown UIInterfaceOrientationLandscapeLeft UIInterfaceOrientationLandscapeRight";
				INFOPLIST_KEY_UISupportedInterfaceOrientations_iPhone = "UIInterfaceOrientationPortrait UIInterfaceOrientationLandscapeLeft UIInterfaceOrientationLandscapeRight";
				LD_RUNPATH_SEARCH_PATHS = (
					"$(inherited)",
					"@executable_path/Frameworks",
				);
				MARKETING_VERSION = 1.0;
				PRODUCT_BUNDLE_IDENTIFIER = "au.edu.uts.iOS-A3-Fitness-Challenge";
				PRODUCT_NAME = "$(TARGET_NAME)";
				SWIFT_EMIT_LOC_STRINGS = YES;
				SWIFT_VERSION = 5.0;
				TARGETED_DEVICE_FAMILY = "1,2";
			};
			name = Debug;
		};
		5796FDF52BE878240038DDF7 /* Release */ = {
			isa = XCBuildConfiguration;
			buildSettings = {
				ASSETCATALOG_COMPILER_APPICON_NAME = AppIcon;
				ASSETCATALOG_COMPILER_GLOBAL_ACCENT_COLOR_NAME = AccentColor;
				CODE_SIGN_ENTITLEMENTS = "iOS-A3-Fitness Challenge/iOS-A3-Fitness Challenge.entitlements";
				CODE_SIGN_STYLE = Automatic;
				CURRENT_PROJECT_VERSION = 1;
				DEVELOPMENT_ASSET_PATHS = "\"iOS-A3-Fitness Challenge/Preview Content\"";
				ENABLE_PREVIEWS = YES;
				GENERATE_INFOPLIST_FILE = YES;
				INFOPLIST_FILE = "iOS-A3-Fitness-Challenge-Info.plist";
				INFOPLIST_KEY_UIApplicationSceneManifest_Generation = YES;
				INFOPLIST_KEY_UIApplicationSupportsIndirectInputEvents = YES;
				INFOPLIST_KEY_UILaunchScreen_Generation = YES;
				INFOPLIST_KEY_UISupportedInterfaceOrientations_iPad = "UIInterfaceOrientationPortrait UIInterfaceOrientationPortraitUpsideDown UIInterfaceOrientationLandscapeLeft UIInterfaceOrientationLandscapeRight";
				INFOPLIST_KEY_UISupportedInterfaceOrientations_iPhone = "UIInterfaceOrientationPortrait UIInterfaceOrientationLandscapeLeft UIInterfaceOrientationLandscapeRight";
				LD_RUNPATH_SEARCH_PATHS = (
					"$(inherited)",
					"@executable_path/Frameworks",
				);
				MARKETING_VERSION = 1.0;
				PRODUCT_BUNDLE_IDENTIFIER = "au.edu.uts.iOS-A3-Fitness-Challenge";
				PRODUCT_NAME = "$(TARGET_NAME)";
				SWIFT_EMIT_LOC_STRINGS = YES;
				SWIFT_VERSION = 5.0;
				TARGETED_DEVICE_FAMILY = "1,2";
			};
			name = Release;
		};
		5796FDF72BE878240038DDF7 /* Debug */ = {
			isa = XCBuildConfiguration;
			buildSettings = {
				ALWAYS_EMBED_SWIFT_STANDARD_LIBRARIES = YES;
				BUNDLE_LOADER = "$(TEST_HOST)";
				CODE_SIGN_STYLE = Automatic;
				CURRENT_PROJECT_VERSION = 1;
				GENERATE_INFOPLIST_FILE = YES;
				IPHONEOS_DEPLOYMENT_TARGET = 17.2;
				MARKETING_VERSION = 1.0;
				PRODUCT_BUNDLE_IDENTIFIER = "au.edu.uts.iOS-A3-Fitness-ChallengeTests";
				PRODUCT_NAME = "$(TARGET_NAME)";
				SWIFT_EMIT_LOC_STRINGS = NO;
				SWIFT_VERSION = 5.0;
				TARGETED_DEVICE_FAMILY = "1,2";
				TEST_HOST = "$(BUILT_PRODUCTS_DIR)/iOS-A3-Fitness Challenge.app/$(BUNDLE_EXECUTABLE_FOLDER_PATH)/iOS-A3-Fitness Challenge";
			};
			name = Debug;
		};
		5796FDF82BE878240038DDF7 /* Release */ = {
			isa = XCBuildConfiguration;
			buildSettings = {
				ALWAYS_EMBED_SWIFT_STANDARD_LIBRARIES = YES;
				BUNDLE_LOADER = "$(TEST_HOST)";
				CODE_SIGN_STYLE = Automatic;
				CURRENT_PROJECT_VERSION = 1;
				GENERATE_INFOPLIST_FILE = YES;
				IPHONEOS_DEPLOYMENT_TARGET = 17.2;
				MARKETING_VERSION = 1.0;
				PRODUCT_BUNDLE_IDENTIFIER = "au.edu.uts.iOS-A3-Fitness-ChallengeTests";
				PRODUCT_NAME = "$(TARGET_NAME)";
				SWIFT_EMIT_LOC_STRINGS = NO;
				SWIFT_VERSION = 5.0;
				TARGETED_DEVICE_FAMILY = "1,2";
				TEST_HOST = "$(BUILT_PRODUCTS_DIR)/iOS-A3-Fitness Challenge.app/$(BUNDLE_EXECUTABLE_FOLDER_PATH)/iOS-A3-Fitness Challenge";
			};
			name = Release;
		};
		5796FDFA2BE878240038DDF7 /* Debug */ = {
			isa = XCBuildConfiguration;
			buildSettings = {
				ALWAYS_EMBED_SWIFT_STANDARD_LIBRARIES = YES;
				CODE_SIGN_STYLE = Automatic;
				CURRENT_PROJECT_VERSION = 1;
				GENERATE_INFOPLIST_FILE = YES;
				MARKETING_VERSION = 1.0;
				PRODUCT_BUNDLE_IDENTIFIER = "au.edu.uts.iOS-A3-Fitness-ChallengeUITests";
				PRODUCT_NAME = "$(TARGET_NAME)";
				SWIFT_EMIT_LOC_STRINGS = NO;
				SWIFT_VERSION = 5.0;
				TARGETED_DEVICE_FAMILY = "1,2";
				TEST_TARGET_NAME = "iOS-A3-Fitness Challenge";
			};
			name = Debug;
		};
		5796FDFB2BE878240038DDF7 /* Release */ = {
			isa = XCBuildConfiguration;
			buildSettings = {
				ALWAYS_EMBED_SWIFT_STANDARD_LIBRARIES = YES;
				CODE_SIGN_STYLE = Automatic;
				CURRENT_PROJECT_VERSION = 1;
				GENERATE_INFOPLIST_FILE = YES;
				MARKETING_VERSION = 1.0;
				PRODUCT_BUNDLE_IDENTIFIER = "au.edu.uts.iOS-A3-Fitness-ChallengeUITests";
				PRODUCT_NAME = "$(TARGET_NAME)";
				SWIFT_EMIT_LOC_STRINGS = NO;
				SWIFT_VERSION = 5.0;
				TARGETED_DEVICE_FAMILY = "1,2";
				TEST_TARGET_NAME = "iOS-A3-Fitness Challenge";
			};
			name = Release;
		};
/* End XCBuildConfiguration section */

/* Begin XCConfigurationList section */
		5796FDCA2BE878220038DDF7 /* Build configuration list for PBXProject "iOS-A3-Fitness Challenge" */ = {
			isa = XCConfigurationList;
			buildConfigurations = (
				5796FDF12BE878240038DDF7 /* Debug */,
				5796FDF22BE878240038DDF7 /* Release */,
			);
			defaultConfigurationIsVisible = 0;
			defaultConfigurationName = Release;
		};
		5796FDF32BE878240038DDF7 /* Build configuration list for PBXNativeTarget "iOS-A3-Fitness Challenge" */ = {
			isa = XCConfigurationList;
			buildConfigurations = (
				5796FDF42BE878240038DDF7 /* Debug */,
				5796FDF52BE878240038DDF7 /* Release */,
			);
			defaultConfigurationIsVisible = 0;
			defaultConfigurationName = Release;
		};
		5796FDF62BE878240038DDF7 /* Build configuration list for PBXNativeTarget "iOS-A3-Fitness ChallengeTests" */ = {
			isa = XCConfigurationList;
			buildConfigurations = (
				5796FDF72BE878240038DDF7 /* Debug */,
				5796FDF82BE878240038DDF7 /* Release */,
			);
			defaultConfigurationIsVisible = 0;
			defaultConfigurationName = Release;
		};
		5796FDF92BE878240038DDF7 /* Build configuration list for PBXNativeTarget "iOS-A3-Fitness ChallengeUITests" */ = {
			isa = XCConfigurationList;
			buildConfigurations = (
				5796FDFA2BE878240038DDF7 /* Debug */,
				5796FDFB2BE878240038DDF7 /* Release */,
			);
			defaultConfigurationIsVisible = 0;
			defaultConfigurationName = Release;
		};
/* End XCConfigurationList section */

/* Begin XCRemoteSwiftPackageReference section */
		57CC67592BEB3B7500C56869 /* XCRemoteSwiftPackageReference "firebase-ios-sdk" */ = {
			isa = XCRemoteSwiftPackageReference;
			repositoryURL = "https://github.com/firebase/firebase-ios-sdk";
			requirement = {
				kind = upToNextMajorVersion;
				minimumVersion = 10.25.0;
			};
		};
/* End XCRemoteSwiftPackageReference section */

/* Begin XCSwiftPackageProductDependency section */
		57CC675A2BEB3B7600C56869 /* FirebaseAuth */ = {
			isa = XCSwiftPackageProductDependency;
			package = 57CC67592BEB3B7500C56869 /* XCRemoteSwiftPackageReference "firebase-ios-sdk" */;
			productName = FirebaseAuth;
		};
		57CC675C2BEB3B7600C56869 /* FirebaseFirestore */ = {
			isa = XCSwiftPackageProductDependency;
			package = 57CC67592BEB3B7500C56869 /* XCRemoteSwiftPackageReference "firebase-ios-sdk" */;
			productName = FirebaseFirestore;
		};
		57CC675E2BEB3B7600C56869 /* FirebaseFirestoreSwift */ = {
			isa = XCSwiftPackageProductDependency;
			package = 57CC67592BEB3B7500C56869 /* XCRemoteSwiftPackageReference "firebase-ios-sdk" */;
			productName = FirebaseFirestoreSwift;
		};
		57CC67602BEB3B7600C56869 /* FirebaseStorage */ = {
			isa = XCSwiftPackageProductDependency;
			package = 57CC67592BEB3B7500C56869 /* XCRemoteSwiftPackageReference "firebase-ios-sdk" */;
			productName = FirebaseStorage;
		};
/* End XCSwiftPackageProductDependency section */
	};
	rootObject = 5796FDC72BE878220038DDF7 /* Project object */;
}
